schema: '2.0'
stages:
  ingest:
    cmd: python src/ingest.py
    deps:
    - path: data/raw_batches/
      hash: md5
      md5: 1f09f955750b927f46924cd08048e144.dir
      size: 77397
      nfiles: 5
    - path: src/ingest.py
      hash: md5
      md5: 6858ce9fd971e4c732ff9d76fda27027
      size: 2712
    params:
      params.yaml:
        batch_id: 2
    outs:
    - path: data/bronze/bronze.csv
      hash: md5
      md5: e6fe3afaa645b7e8a19109a8cadb93fd
      size: 31546
    - path: data/bronze/ingested_batches.json
      hash: md5
      md5: 954d4a9c12e7b86027a5e7e0c626f790
      size: 12
  validate:
    cmd: python src/validate.py
    deps:
    - path: data/bronze/bronze.csv
      hash: md5
      md5: e6fe3afaa645b7e8a19109a8cadb93fd
      size: 31546
    - path: src/validate.py
      hash: md5
      md5: 99856a010980c5c1a4835fd1397207e3
      size: 9681
    outs:
    - path: data/silver/silver.csv
      hash: md5
      md5: e5207346c875b44a089a9fec26dcac29
      size: 39827
    - path: data/silver/validation_report.json
      hash: md5
      md5: 52a179dbab861f4011ce9fb02e79832c
      size: 926
  transform:
    cmd: python src/transform.py
    deps:
    - path: config/selected_features.yaml
      hash: md5
      md5: 8298a1141e9dd1244274bb9a20f759e3
      size: 300
    - path: data/silver/silver.csv
      hash: md5
      md5: e5207346c875b44a089a9fec26dcac29
      size: 39827
    - path: src/transform.py
      hash: md5
      md5: 6b7fa310e115b0a1e1008d32e117556f
      size: 5106
    outs:
    - path: data/gold/gold.csv
      hash: md5
      md5: 36a1b1cf06a22dce2f24a3a1c7208122
      size: 42881
    - path: data/gold/gold_report.json
      hash: md5
      md5: eb8fe532d00bc284185af851dbbd2125
      size: 634
