schema: '2.0'
stages:
  ingest:
    cmd: python src/ingest.py
    deps:
    - path: data/raw_batches/
      hash: md5
      md5: 1f09f955750b927f46924cd08048e144.dir
      size: 77397
      nfiles: 5
    - path: src/ingest.py
      hash: md5
      md5: 6858ce9fd971e4c732ff9d76fda27027
      size: 2712
    params:
      params.yaml:
        batch_id: 4
    outs:
    - path: data/bronze/bronze.csv
      hash: md5
      md5: bc17c3292473d930389ebcf08602d4e7
      size: 58356
    - path: data/bronze/ingested_batches.json
      hash: md5
      md5: 41f8257e1a53e9bb212091b05974364b
      size: 22
  validate:
    cmd: python src/validate.py
    deps:
    - path: data/bronze/bronze.csv
      hash: md5
      md5: bc17c3292473d930389ebcf08602d4e7
      size: 58356
    - path: src/validate.py
      hash: md5
      md5: 99856a010980c5c1a4835fd1397207e3
      size: 9681
    outs:
    - path: data/silver/silver.csv
      hash: md5
      md5: dae53962cc567e7d30fed285f3f691c9
      size: 79636
    - path: data/silver/validation_report.json
      hash: md5
      md5: dee17944e9526a5c57bb76571a142549
      size: 1060
  transform:
    cmd: python src/transform.py
    deps:
    - path: config/selected_features.yaml
      hash: md5
      md5: 8298a1141e9dd1244274bb9a20f759e3
      size: 300
    - path: data/silver/silver.csv
      hash: md5
      md5: dae53962cc567e7d30fed285f3f691c9
      size: 79636
    - path: src/transform.py
      hash: md5
      md5: 6b7fa310e115b0a1e1008d32e117556f
      size: 5106
    outs:
    - path: data/gold/gold.csv
      hash: md5
      md5: 058e2444e8de5e4734c10332f71879dc
      size: 85903
    - path: data/gold/gold_report.json
      hash: md5
      md5: fb44be502c754b98156da5f0be337ad1
      size: 636
