schema: '2.0'
stages:
  ingest:
    cmd: python src/ingest.py
    deps:
    - path: data/raw_batches/
      hash: md5
      md5: 1f09f955750b927f46924cd08048e144.dir
      size: 77397
      nfiles: 5
    - path: src/ingest.py
      hash: md5
      md5: 6858ce9fd971e4c732ff9d76fda27027
      size: 2712
    params:
      params.yaml:
        batch_id: 5
    outs:
    - path: data/bronze/bronze.csv
      hash: md5
      md5: 373fa00f720cd964d25639f6c9d45fef
      size: 77209
    - path: data/bronze/ingested_batches.json
      hash: md5
      md5: d1a156197caac3b2b0d563fe99164dd6
      size: 27
  validate:
    cmd: python src/validate.py
    deps:
    - path: data/bronze/bronze.csv
      hash: md5
      md5: 373fa00f720cd964d25639f6c9d45fef
      size: 77209
    - path: src/validate.py
      hash: md5
      md5: 52ebee530f1c97d531e9bde9b6688323
      size: 10320
    outs:
    - path: data/silver/silver.csv
      hash: md5
      md5: fa9898c0bf1957e91428d26ca1736f26
      size: 99453
    - path: data/silver/validation_report.json
      hash: md5
      md5: 14e03811cf10365a3877d4747c4a118d
      size: 1246
  transform:
    cmd: python src/transform.py
    deps:
    - path: config/selected_features.yaml
      hash: md5
      md5: 8298a1141e9dd1244274bb9a20f759e3
      size: 300
    - path: data/silver/silver.csv
      hash: md5
      md5: fa9898c0bf1957e91428d26ca1736f26
      size: 99453
    - path: src/transform.py
      hash: md5
      md5: 6b7fa310e115b0a1e1008d32e117556f
      size: 5106
    outs:
    - path: data/gold/gold.csv
      hash: md5
      md5: 809433d2a83e2b8ebf957fd40cfd03a9
      size: 107338
    - path: data/gold/gold_report.json
      hash: md5
      md5: ae9f4ba6dd7dafe6698f833cee285119
      size: 636
